
Microsoft Visual Studio Solution File, Format Version 12.00
# Visual Studio 15
VisualStudioVersion = 15.0.26206.0
MinimumVisualStudioVersion = 10.0.40219.1
Project("{2150E333-8FDC-42A3-9474-1A3956D46DE8}") = "1-Manage-Program-Flow", "1-Manage-Program-Flow", "{BD94A12B-EDC0-42BB-9440-8390426CC750}"
EndProject
Project("{FAE04EC0-301F-11D3-BF4B-00C04F79EFBC}") = "Snippets.Microsoft70483.MultithreadingAndAsync", "Snippets.Microsoft70483.MultithreadingAndAsync\Snippets.Microsoft70483.MultithreadingAndAsync.csproj", "{AEFB85E2-51AA-4388-8701-54B8A5494B7C}"
EndProject
Project("{FAE04EC0-301F-11D3-BF4B-00C04F79EFBC}") = "Snippets.Microsoft70483.Shared", "Snippets.Microsoft70483.Shared\Snippets.Microsoft70483.Shared.csproj", "{3EB63389-3F71-4772-91A5-EC499F3E330F}"
EndProject
Global
	GlobalSection(SolutionConfigurationPlatforms) = preSolution
		Debug|Any CPU = Debug|Any CPU
		Release|Any CPU = Release|Any CPU
	EndGlobalSection
	GlobalSection(ProjectConfigurationPlatforms) = postSolution
		{AEFB85E2-51AA-4388-8701-54B8A5494B7C}.Debug|Any CPU.ActiveCfg = Debug|Any CPU
		{AEFB85E2-51AA-4388-8701-54B8A5494B7C}.Debug|Any CPU.Build.0 = Debug|Any CPU
		{AEFB85E2-51AA-4388-8701-54B8A5494B7C}.Release|Any CPU.ActiveCfg = Release|Any CPU
		{AEFB85E2-51AA-4388-8701-54B8A5494B7C}.Release|Any CPU.Build.0 = Release|Any CPU
		{3EB63389-3F71-4772-91A5-EC499F3E330F}.Debug|Any CPU.ActiveCfg = Debug|Any CPU
		{3EB63389-3F71-4772-91A5-EC499F3E330F}.Debug|Any CPU.Build.0 = Debug|Any CPU
		{3EB63389-3F71-4772-91A5-EC499F3E330F}.Release|Any CPU.ActiveCfg = Release|Any CPU
		{3EB63389-3F71-4772-91A5-EC499F3E330F}.Release|Any CPU.Build.0 = Release|Any CPU
	EndGlobalSection
	GlobalSection(SolutionProperties) = preSolution
		HideSolutionNode = FALSE
	EndGlobalSection
	GlobalSection(NestedProjects) = preSolution
		{AEFB85E2-51AA-4388-8701-54B8A5494B7C} = {BD94A12B-EDC0-42BB-9440-8390426CC750}
	EndGlobalSection
EndGlobal
